// !$*UTF8*$!
{
	archiveVersion = 1;
	classes = {
	};
	objectVersion = 50;
	objects = {

/* Begin PBXBuildFile section */
		7607CAF522FB91F7005A3E3C /* StartViewController.swift in Sources */ = {isa = PBXBuildFile; fileRef = 7607CAF422FB91F7005A3E3C /* StartViewController.swift */; };
		7607CAF722FBB398005A3E3C /* AddCollectionViewCell.swift in Sources */ = {isa = PBXBuildFile; fileRef = 7607CAF622FBB398005A3E3C /* AddCollectionViewCell.swift */; };
		760D165522DE681B00F37C3D /* CurrencyData.swift in Sources */ = {isa = PBXBuildFile; fileRef = 760D165422DE681B00F37C3D /* CurrencyData.swift */; };
		762459EC22D7ACB3009B915B /* AppDelegate.swift in Sources */ = {isa = PBXBuildFile; fileRef = 762459EB22D7ACB3009B915B /* AppDelegate.swift */; };
		762459F122D7ACB3009B915B /* Main.storyboard in Resources */ = {isa = PBXBuildFile; fileRef = 762459EF22D7ACB3009B915B /* Main.storyboard */; };
		762459F422D7ACB3009B915B /* The_Big_Short.xcdatamodeld in Sources */ = {isa = PBXBuildFile; fileRef = 762459F222D7ACB3009B915B /* The_Big_Short.xcdatamodeld */; };
		762459F622D7ACB5009B915B /* Assets.xcassets in Resources */ = {isa = PBXBuildFile; fileRef = 762459F522D7ACB5009B915B /* Assets.xcassets */; };
		762459F922D7ACB5009B915B /* LaunchScreen.storyboard in Resources */ = {isa = PBXBuildFile; fileRef = 762459F722D7ACB5009B915B /* LaunchScreen.storyboard */; };
		762D04DA22EBD6F200D537E6 /* PositionCell.swift in Sources */ = {isa = PBXBuildFile; fileRef = 762D04D922EBD6F200D537E6 /* PositionCell.swift */; };
		762D04DC22EBD91E00D537E6 /* StockCell.swift in Sources */ = {isa = PBXBuildFile; fileRef = 762D04DB22EBD91E00D537E6 /* StockCell.swift */; };
		762D04DE22EBE19000D537E6 /* StockCollectionViewCell.swift in Sources */ = {isa = PBXBuildFile; fileRef = 762D04DD22EBE19000D537E6 /* StockCollectionViewCell.swift */; };
		764DD5C222EB734800719F5F /* StocksViewController.swift in Sources */ = {isa = PBXBuildFile; fileRef = 764DD5C122EB734800719F5F /* StocksViewController.swift */; };
		7654424022E968BD0096CA00 /* StockData.swift in Sources */ = {isa = PBXBuildFile; fileRef = 7654423F22E968BD0096CA00 /* StockData.swift */; };
		7664A2C122DD142B00EE5BE0 /* WalletCell.swift in Sources */ = {isa = PBXBuildFile; fileRef = 7664A2C022DD142B00EE5BE0 /* WalletCell.swift */; };
		7664A2C822DD184300EE5BE0 /* InvestmentsCell.swift in Sources */ = {isa = PBXBuildFile; fileRef = 7664A2C722DD184300EE5BE0 /* InvestmentsCell.swift */; };
		766B01FA22EFB94D00511224 /* SearchStockViewController.swift in Sources */ = {isa = PBXBuildFile; fileRef = 766B01F922EFB94D00511224 /* SearchStockViewController.swift */; };
		766B01FE22EFBC1100511224 /* SimpleCell.swift in Sources */ = {isa = PBXBuildFile; fileRef = 766B01FD22EFBC1100511224 /* SimpleCell.swift */; };
		76C105DC22F7D24300A1F6C2 /* TermsViewController.swift in Sources */ = {isa = PBXBuildFile; fileRef = 76C105DB22F7D24300A1F6C2 /* TermsViewController.swift */; };
		76C105DE22F7EC5600A1F6C2 /* CustomView.swift in Sources */ = {isa = PBXBuildFile; fileRef = 76C105DD22F7EC5600A1F6C2 /* CustomView.swift */; };
		76C105E222F8AF2300A1F6C2 /* CustomButton.swift in Sources */ = {isa = PBXBuildFile; fileRef = 76C105E122F8AF2300A1F6C2 /* CustomButton.swift */; };
		76C1105822FFEE230075EB46 /* NextViewController.swift in Sources */ = {isa = PBXBuildFile; fileRef = 76C1105722FFEE230075EB46 /* NextViewController.swift */; };
		76D079A122F0805A004BCF73 /* BuySellStockViewController.swift in Sources */ = {isa = PBXBuildFile; fileRef = 76D079A022F0805A004BCF73 /* BuySellStockViewController.swift */; };
		76D079A722F1B722004BCF73 /* GlossaryViewController.swift in Sources */ = {isa = PBXBuildFile; fileRef = 76D079A622F1B722004BCF73 /* GlossaryViewController.swift */; };
		76D079A922F1BB44004BCF73 /* DetailViewController.swift in Sources */ = {isa = PBXBuildFile; fileRef = 76D079A822F1BB44004BCF73 /* DetailViewController.swift */; };
		76D079AC22F1CAF0004BCF73 /* SymbolViewController.swift in Sources */ = {isa = PBXBuildFile; fileRef = 76D079AB22F1CAF0004BCF73 /* SymbolViewController.swift */; };
		76D079AE22F1CE03004BCF73 /* TodayCell.swift in Sources */ = {isa = PBXBuildFile; fileRef = 76D079AD22F1CE03004BCF73 /* TodayCell.swift */; };
		76D079B022F1CE58004BCF73 /* HistoricCell.swift in Sources */ = {isa = PBXBuildFile; fileRef = 76D079AF22F1CE58004BCF73 /* HistoricCell.swift */; };
		76D079B422F4C909004BCF73 /* WordCell.swift in Sources */ = {isa = PBXBuildFile; fileRef = 76D079B322F4C909004BCF73 /* WordCell.swift */; };
		76D079BB22F75EEB004BCF73 /* SettingsTableViewController.swift in Sources */ = {isa = PBXBuildFile; fileRef = 76D079BA22F75EEB004BCF73 /* SettingsTableViewController.swift */; };
		76D079E222F7A5A3004BCF73 /* TutorialPageViewController.swift in Sources */ = {isa = PBXBuildFile; fileRef = 76D079E122F7A5A3004BCF73 /* TutorialPageViewController.swift */; };
		A76587D823D15DC300D517F8 /* DataManager.swift in Sources */ = {isa = PBXBuildFile; fileRef = A76587D723D15DC300D517F8 /* DataManager.swift */; };
		A76587DA23D25DC600D517F8 /* NotificationsManager.swift in Sources */ = {isa = PBXBuildFile; fileRef = A76587D923D25DC600D517F8 /* NotificationsManager.swift */; };
		A76587DC23D2671C00D517F8 /* StocksTableViewDataSource.swift in Sources */ = {isa = PBXBuildFile; fileRef = A76587DB23D2671C00D517F8 /* StocksTableViewDataSource.swift */; };
		A76587E023D2679000D517F8 /* StocksTableViewDelegate.swift in Sources */ = {isa = PBXBuildFile; fileRef = A76587DF23D2679000D517F8 /* StocksTableViewDelegate.swift */; };
		A76587E723D27BC100D517F8 /* MarketManager.swift in Sources */ = {isa = PBXBuildFile; fileRef = A76587E623D27BC100D517F8 /* MarketManager.swift */; };
		A76587EB23D67E0400D517F8 /* MainViewController.swift in Sources */ = {isa = PBXBuildFile; fileRef = A76587EA23D67E0400D517F8 /* MainViewController.swift */; };
		A76587ED23D680D500D517F8 /* MainTableViewDataSource.swift in Sources */ = {isa = PBXBuildFile; fileRef = A76587EC23D680D500D517F8 /* MainTableViewDataSource.swift */; };
		A76587EF23D6847200D517F8 /* MenuCell.swift in Sources */ = {isa = PBXBuildFile; fileRef = A76587EE23D6847200D517F8 /* MenuCell.swift */; };
		A76587F123D68D9600D517F8 /* MainTableViewDelegate.swift in Sources */ = {isa = PBXBuildFile; fileRef = A76587F023D68D9600D517F8 /* MainTableViewDelegate.swift */; };
		A76587F323D7BD7400D517F8 /* ButtonCell.swift in Sources */ = {isa = PBXBuildFile; fileRef = A76587F223D7BD7400D517F8 /* ButtonCell.swift */; };
		A76587F623D9248100D517F8 /* SearchCurrencyViewController.swift in Sources */ = {isa = PBXBuildFile; fileRef = A76587F523D9248100D517F8 /* SearchCurrencyViewController.swift */; };
		A76587F923D924A800D517F8 /* CurrenciesViewController.swift in Sources */ = {isa = PBXBuildFile; fileRef = A76587F823D924A800D517F8 /* CurrenciesViewController.swift */; };
		A76587FB23D92E9E00D517F8 /* CurrenciesTableViewDataSource.swift in Sources */ = {isa = PBXBuildFile; fileRef = A76587FA23D92E9E00D517F8 /* CurrenciesTableViewDataSource.swift */; };
		A76587FD23D930FA00D517F8 /* CurrencyCell.swift in Sources */ = {isa = PBXBuildFile; fileRef = A76587FC23D930FA00D517F8 /* CurrencyCell.swift */; };
		A76587FF23DA206B00D517F8 /* CurrenciesTableViewDelegate.swift in Sources */ = {isa = PBXBuildFile; fileRef = A76587FE23DA206B00D517F8 /* CurrenciesTableViewDelegate.swift */; };
		A765880123DA7BB400D517F8 /* BuySellCurrencyViewController.swift in Sources */ = {isa = PBXBuildFile; fileRef = A765880023DA7BB400D517F8 /* BuySellCurrencyViewController.swift */; };
		A76B49B123E22A1E00598CC8 /* MappingModel2to3 2.xcmappingmodel in Sources */ = {isa = PBXBuildFile; fileRef = A76B49B023E22A1D00598CC8 /* MappingModel2to3 2.xcmappingmodel */; };
		A76B49B323E22C3400598CC8 /* CoreDataManager.swift in Sources */ = {isa = PBXBuildFile; fileRef = A76B49B223E22C3400598CC8 /* CoreDataManager.swift */; };
		A76B49B523E2B45000598CC8 /* CodeViewController.swift in Sources */ = {isa = PBXBuildFile; fileRef = A76B49B423E2B45000598CC8 /* CodeViewController.swift */; };
		A78D253A23D0D59D002FC307 /* MathOperations.swift in Sources */ = {isa = PBXBuildFile; fileRef = A78D253923D0D59D002FC307 /* MathOperations.swift */; };
		A7A14D0423DF2FDB00ACB059 /* SectorChartView.swift in Sources */ = {isa = PBXBuildFile; fileRef = A7A14D0323DF2FDB00ACB059 /* SectorChartView.swift */; };
		A7A14D0723DF425B00ACB059 /* WalletViewController.swift in Sources */ = {isa = PBXBuildFile; fileRef = A7A14D0623DF425B00ACB059 /* WalletViewController.swift */; };
		A7A14D0923DF42A900ACB059 /* WalletTableViewDataSource.swift in Sources */ = {isa = PBXBuildFile; fileRef = A7A14D0823DF42A900ACB059 /* WalletTableViewDataSource.swift */; };
		A7A14D0B23DF42C600ACB059 /* WalletTableViewDelegate.swift in Sources */ = {isa = PBXBuildFile; fileRef = A7A14D0A23DF42C600ACB059 /* WalletTableViewDelegate.swift */; };
		A7A14D0D23DF4A4800ACB059 /* ChartCell.swift in Sources */ = {isa = PBXBuildFile; fileRef = A7A14D0C23DF4A4800ACB059 /* ChartCell.swift */; };
		A7A14D0F23DF5E5200ACB059 /* BarChartView.swift in Sources */ = {isa = PBXBuildFile; fileRef = A7A14D0E23DF5E5200ACB059 /* BarChartView.swift */; };
/* End PBXBuildFile section */

/* Begin PBXFileReference section */
		7607CAF422FB91F7005A3E3C /* StartViewController.swift */ = {isa = PBXFileReference; lastKnownFileType = sourcecode.swift; path = StartViewController.swift; sourceTree = "<group>"; };
		7607CAF622FBB398005A3E3C /* AddCollectionViewCell.swift */ = {isa = PBXFileReference; lastKnownFileType = sourcecode.swift; path = AddCollectionViewCell.swift; sourceTree = "<group>"; };
		760D165422DE681B00F37C3D /* CurrencyData.swift */ = {isa = PBXFileReference; lastKnownFileType = sourcecode.swift; path = CurrencyData.swift; sourceTree = "<group>"; };
		762459E822D7ACB3009B915B /* The Big Short.app */ = {isa = PBXFileReference; explicitFileType = wrapper.application; includeInIndex = 0; path = "The Big Short.app"; sourceTree = BUILT_PRODUCTS_DIR; };
		762459EB22D7ACB3009B915B /* AppDelegate.swift */ = {isa = PBXFileReference; lastKnownFileType = sourcecode.swift; path = AppDelegate.swift; sourceTree = "<group>"; };
		762459F022D7ACB3009B915B /* Base */ = {isa = PBXFileReference; lastKnownFileType = file.storyboard; name = Base; path = Base.lproj/Main.storyboard; sourceTree = "<group>"; };
		762459F322D7ACB3009B915B /* The_Big_Short.xcdatamodel */ = {isa = PBXFileReference; lastKnownFileType = wrapper.xcdatamodel; path = The_Big_Short.xcdatamodel; sourceTree = "<group>"; };
		762459F522D7ACB5009B915B /* Assets.xcassets */ = {isa = PBXFileReference; lastKnownFileType = folder.assetcatalog; path = Assets.xcassets; sourceTree = "<group>"; };
		762459F822D7ACB5009B915B /* Base */ = {isa = PBXFileReference; lastKnownFileType = file.storyboard; name = Base; path = Base.lproj/LaunchScreen.storyboard; sourceTree = "<group>"; };
		762459FA22D7ACB5009B915B /* Info.plist */ = {isa = PBXFileReference; lastKnownFileType = text.plist.xml; path = Info.plist; sourceTree = "<group>"; };
		762D04D922EBD6F200D537E6 /* PositionCell.swift */ = {isa = PBXFileReference; lastKnownFileType = sourcecode.swift; path = PositionCell.swift; sourceTree = "<group>"; };
		762D04DB22EBD91E00D537E6 /* StockCell.swift */ = {isa = PBXFileReference; lastKnownFileType = sourcecode.swift; path = StockCell.swift; sourceTree = "<group>"; };
		762D04DD22EBE19000D537E6 /* StockCollectionViewCell.swift */ = {isa = PBXFileReference; lastKnownFileType = sourcecode.swift; path = StockCollectionViewCell.swift; sourceTree = "<group>"; };
		764DD5C122EB734800719F5F /* StocksViewController.swift */ = {isa = PBXFileReference; lastKnownFileType = sourcecode.swift; path = StocksViewController.swift; sourceTree = "<group>"; };
		7654423F22E968BD0096CA00 /* StockData.swift */ = {isa = PBXFileReference; lastKnownFileType = sourcecode.swift; path = StockData.swift; sourceTree = "<group>"; };
		7664A2C022DD142B00EE5BE0 /* WalletCell.swift */ = {isa = PBXFileReference; lastKnownFileType = sourcecode.swift; path = WalletCell.swift; sourceTree = "<group>"; };
		7664A2C722DD184300EE5BE0 /* InvestmentsCell.swift */ = {isa = PBXFileReference; lastKnownFileType = sourcecode.swift; path = InvestmentsCell.swift; sourceTree = "<group>"; };
		766B01F922EFB94D00511224 /* SearchStockViewController.swift */ = {isa = PBXFileReference; lastKnownFileType = sourcecode.swift; path = SearchStockViewController.swift; sourceTree = "<group>"; };
		766B01FD22EFBC1100511224 /* SimpleCell.swift */ = {isa = PBXFileReference; lastKnownFileType = sourcecode.swift; path = SimpleCell.swift; sourceTree = "<group>"; };
		76C105DB22F7D24300A1F6C2 /* TermsViewController.swift */ = {isa = PBXFileReference; lastKnownFileType = sourcecode.swift; path = TermsViewController.swift; sourceTree = "<group>"; };
		76C105DD22F7EC5600A1F6C2 /* CustomView.swift */ = {isa = PBXFileReference; lastKnownFileType = sourcecode.swift; path = CustomView.swift; sourceTree = "<group>"; };
		76C105E122F8AF2300A1F6C2 /* CustomButton.swift */ = {isa = PBXFileReference; lastKnownFileType = sourcecode.swift; path = CustomButton.swift; sourceTree = "<group>"; };
		76C1105722FFEE230075EB46 /* NextViewController.swift */ = {isa = PBXFileReference; lastKnownFileType = sourcecode.swift; path = NextViewController.swift; sourceTree = "<group>"; };
		76D079A022F0805A004BCF73 /* BuySellStockViewController.swift */ = {isa = PBXFileReference; lastKnownFileType = sourcecode.swift; path = BuySellStockViewController.swift; sourceTree = "<group>"; };
		76D079A622F1B722004BCF73 /* GlossaryViewController.swift */ = {isa = PBXFileReference; lastKnownFileType = sourcecode.swift; path = GlossaryViewController.swift; sourceTree = "<group>"; };
		76D079A822F1BB44004BCF73 /* DetailViewController.swift */ = {isa = PBXFileReference; lastKnownFileType = sourcecode.swift; path = DetailViewController.swift; sourceTree = "<group>"; };
		76D079AB22F1CAF0004BCF73 /* SymbolViewController.swift */ = {isa = PBXFileReference; lastKnownFileType = sourcecode.swift; path = SymbolViewController.swift; sourceTree = "<group>"; };
		76D079AD22F1CE03004BCF73 /* TodayCell.swift */ = {isa = PBXFileReference; lastKnownFileType = sourcecode.swift; path = TodayCell.swift; sourceTree = "<group>"; };
		76D079AF22F1CE58004BCF73 /* HistoricCell.swift */ = {isa = PBXFileReference; lastKnownFileType = sourcecode.swift; path = HistoricCell.swift; sourceTree = "<group>"; };
		76D079B322F4C909004BCF73 /* WordCell.swift */ = {isa = PBXFileReference; lastKnownFileType = sourcecode.swift; path = WordCell.swift; sourceTree = "<group>"; };
		76D079BA22F75EEB004BCF73 /* SettingsTableViewController.swift */ = {isa = PBXFileReference; lastKnownFileType = sourcecode.swift; path = SettingsTableViewController.swift; sourceTree = "<group>"; };
		76D079E122F7A5A3004BCF73 /* TutorialPageViewController.swift */ = {isa = PBXFileReference; lastKnownFileType = sourcecode.swift; path = TutorialPageViewController.swift; sourceTree = "<group>"; };
		A76587D723D15DC300D517F8 /* DataManager.swift */ = {isa = PBXFileReference; lastKnownFileType = sourcecode.swift; path = DataManager.swift; sourceTree = "<group>"; };
		A76587D923D25DC600D517F8 /* NotificationsManager.swift */ = {isa = PBXFileReference; lastKnownFileType = sourcecode.swift; path = NotificationsManager.swift; sourceTree = "<group>"; };
		A76587DB23D2671C00D517F8 /* StocksTableViewDataSource.swift */ = {isa = PBXFileReference; lastKnownFileType = sourcecode.swift; path = StocksTableViewDataSource.swift; sourceTree = "<group>"; };
		A76587DF23D2679000D517F8 /* StocksTableViewDelegate.swift */ = {isa = PBXFileReference; lastKnownFileType = sourcecode.swift; path = StocksTableViewDelegate.swift; sourceTree = "<group>"; };
		A76587E623D27BC100D517F8 /* MarketManager.swift */ = {isa = PBXFileReference; lastKnownFileType = sourcecode.swift; path = MarketManager.swift; sourceTree = "<group>"; };
		A76587EA23D67E0400D517F8 /* MainViewController.swift */ = {isa = PBXFileReference; lastKnownFileType = sourcecode.swift; path = MainViewController.swift; sourceTree = "<group>"; };
		A76587EC23D680D500D517F8 /* MainTableViewDataSource.swift */ = {isa = PBXFileReference; lastKnownFileType = sourcecode.swift; path = MainTableViewDataSource.swift; sourceTree = "<group>"; };
		A76587EE23D6847200D517F8 /* MenuCell.swift */ = {isa = PBXFileReference; lastKnownFileType = sourcecode.swift; path = MenuCell.swift; sourceTree = "<group>"; };
		A76587F023D68D9600D517F8 /* MainTableViewDelegate.swift */ = {isa = PBXFileReference; lastKnownFileType = sourcecode.swift; path = MainTableViewDelegate.swift; sourceTree = "<group>"; };
		A76587F223D7BD7400D517F8 /* ButtonCell.swift */ = {isa = PBXFileReference; lastKnownFileType = sourcecode.swift; path = ButtonCell.swift; sourceTree = "<group>"; };
		A76587F523D9248100D517F8 /* SearchCurrencyViewController.swift */ = {isa = PBXFileReference; lastKnownFileType = sourcecode.swift; path = SearchCurrencyViewController.swift; sourceTree = "<group>"; };
		A76587F823D924A800D517F8 /* CurrenciesViewController.swift */ = {isa = PBXFileReference; lastKnownFileType = sourcecode.swift; path = CurrenciesViewController.swift; sourceTree = "<group>"; };
		A76587FA23D92E9E00D517F8 /* CurrenciesTableViewDataSource.swift */ = {isa = PBXFileReference; lastKnownFileType = sourcecode.swift; path = CurrenciesTableViewDataSource.swift; sourceTree = "<group>"; };
		A76587FC23D930FA00D517F8 /* CurrencyCell.swift */ = {isa = PBXFileReference; lastKnownFileType = sourcecode.swift; path = CurrencyCell.swift; sourceTree = "<group>"; };
		A76587FE23DA206B00D517F8 /* CurrenciesTableViewDelegate.swift */ = {isa = PBXFileReference; lastKnownFileType = sourcecode.swift; path = CurrenciesTableViewDelegate.swift; sourceTree = "<group>"; };
		A765880023DA7BB400D517F8 /* BuySellCurrencyViewController.swift */ = {isa = PBXFileReference; lastKnownFileType = sourcecode.swift; path = BuySellCurrencyViewController.swift; sourceTree = "<group>"; };
		A76B49B023E22A1D00598CC8 /* MappingModel2to3 2.xcmappingmodel */ = {isa = PBXFileReference; lastKnownFileType = wrapper.xcmappingmodel; path = "MappingModel2to3 2.xcmappingmodel"; sourceTree = "<group>"; };
		A76B49B223E22C3400598CC8 /* CoreDataManager.swift */ = {isa = PBXFileReference; fileEncoding = 4; lastKnownFileType = sourcecode.swift; path = CoreDataManager.swift; sourceTree = "<group>"; };
		A76B49B423E2B45000598CC8 /* CodeViewController.swift */ = {isa = PBXFileReference; lastKnownFileType = sourcecode.swift; path = CodeViewController.swift; sourceTree = "<group>"; };
		A78D253923D0D59D002FC307 /* MathOperations.swift */ = {isa = PBXFileReference; lastKnownFileType = sourcecode.swift; path = MathOperations.swift; sourceTree = "<group>"; };
		A7A14CFE23DE820F00ACB059 /* The_Big_Short 2.xcdatamodel */ = {isa = PBXFileReference; lastKnownFileType = wrapper.xcdatamodel; path = "The_Big_Short 2.xcdatamodel"; sourceTree = "<group>"; };
		A7A14D0323DF2FDB00ACB059 /* SectorChartView.swift */ = {isa = PBXFileReference; lastKnownFileType = sourcecode.swift; path = SectorChartView.swift; sourceTree = "<group>"; };
		A7A14D0623DF425B00ACB059 /* WalletViewController.swift */ = {isa = PBXFileReference; lastKnownFileType = sourcecode.swift; path = WalletViewController.swift; sourceTree = "<group>"; };
		A7A14D0823DF42A900ACB059 /* WalletTableViewDataSource.swift */ = {isa = PBXFileReference; lastKnownFileType = sourcecode.swift; path = WalletTableViewDataSource.swift; sourceTree = "<group>"; };
		A7A14D0A23DF42C600ACB059 /* WalletTableViewDelegate.swift */ = {isa = PBXFileReference; lastKnownFileType = sourcecode.swift; path = WalletTableViewDelegate.swift; sourceTree = "<group>"; };
		A7A14D0C23DF4A4800ACB059 /* ChartCell.swift */ = {isa = PBXFileReference; lastKnownFileType = sourcecode.swift; path = ChartCell.swift; sourceTree = "<group>"; };
		A7A14D0E23DF5E5200ACB059 /* BarChartView.swift */ = {isa = PBXFileReference; lastKnownFileType = sourcecode.swift; path = BarChartView.swift; sourceTree = "<group>"; };
/* End PBXFileReference section */

/* Begin PBXFrameworksBuildPhase section */
		762459E522D7ACB3009B915B /* Frameworks */ = {
			isa = PBXFrameworksBuildPhase;
			buildActionMask = 2147483647;
			files = (
			);
			runOnlyForDeploymentPostprocessing = 0;
		};
/* End PBXFrameworksBuildPhase section */

/* Begin PBXGroup section */
		762459DF22D7ACB3009B915B = {
			isa = PBXGroup;
			children = (
				762459EA22D7ACB3009B915B /* The Big Short */,
				762459E922D7ACB3009B915B /* Products */,
			);
			sourceTree = "<group>";
		};
		762459E922D7ACB3009B915B /* Products */ = {
			isa = PBXGroup;
			children = (
				762459E822D7ACB3009B915B /* The Big Short.app */,
			);
			name = Products;
			sourceTree = "<group>";
		};
		762459EA22D7ACB3009B915B /* The Big Short */ = {
			isa = PBXGroup;
			children = (
				762459EB22D7ACB3009B915B /* AppDelegate.swift */,
				7664A2BC22DD13C700EE5BE0 /* Model */,
				7664A2C222DD142F00EE5BE0 /* View */,
				7664A2BD22DD13D100EE5BE0 /* Controller */,
				762459EF22D7ACB3009B915B /* Main.storyboard */,
				762459F522D7ACB5009B915B /* Assets.xcassets */,
				762459F722D7ACB5009B915B /* LaunchScreen.storyboard */,
				762459FA22D7ACB5009B915B /* Info.plist */,
				762459F222D7ACB3009B915B /* The_Big_Short.xcdatamodeld */,
				A76B49B023E22A1D00598CC8 /* MappingModel2to3 2.xcmappingmodel */,
			);
			path = "The Big Short";
			sourceTree = "<group>";
		};
		7664A2BC22DD13C700EE5BE0 /* Model */ = {
			isa = PBXGroup;
			children = (
				A76587DD23D2672900D517F8 /* DataSources */,
				A76587DE23D2674800D517F8 /* FetchDataAPI */,
			);
			path = Model;
			sourceTree = "<group>";
		};
		7664A2BD22DD13D100EE5BE0 /* Controller */ = {
			isa = PBXGroup;
			children = (
				A76587E823D67DA600D517F8 /* Helpers */,
				A76587E923D67DD700D517F8 /* Managers */,
				A76587EA23D67E0400D517F8 /* MainViewController.swift */,
				76D079AA22F1CACD004BCF73 /* Stocks */,
				A76587F423D9245A00D517F8 /* Currencies */,
				A7A14D0523DF423600ACB059 /* Wallet */,
				A76587E123D267A100D517F8 /* Delegates */,
				76D079B122F238A8004BCF73 /* Glossary */,
				76D079B722F741F6004BCF73 /* Settings */,
				76D079BC22F794A4004BCF73 /* Intro */,
			);
			path = Controller;
			sourceTree = "<group>";
		};
		7664A2C222DD142F00EE5BE0 /* View */ = {
			isa = PBXGroup;
			children = (
				A76587EE23D6847200D517F8 /* MenuCell.swift */,
				7664A2C022DD142B00EE5BE0 /* WalletCell.swift */,
				7664A2C722DD184300EE5BE0 /* InvestmentsCell.swift */,
				762D04D922EBD6F200D537E6 /* PositionCell.swift */,
				762D04DB22EBD91E00D537E6 /* StockCell.swift */,
				762D04DD22EBE19000D537E6 /* StockCollectionViewCell.swift */,
				7607CAF622FBB398005A3E3C /* AddCollectionViewCell.swift */,
				A76587FC23D930FA00D517F8 /* CurrencyCell.swift */,
				766B01FD22EFBC1100511224 /* SimpleCell.swift */,
				76D079B322F4C909004BCF73 /* WordCell.swift */,
				76D079AD22F1CE03004BCF73 /* TodayCell.swift */,
				76D079AF22F1CE58004BCF73 /* HistoricCell.swift */,
				A76587F223D7BD7400D517F8 /* ButtonCell.swift */,
				76C105DD22F7EC5600A1F6C2 /* CustomView.swift */,
				76C105E122F8AF2300A1F6C2 /* CustomButton.swift */,
				A7A14D0323DF2FDB00ACB059 /* SectorChartView.swift */,
				A7A14D0E23DF5E5200ACB059 /* BarChartView.swift */,
				A7A14D0C23DF4A4800ACB059 /* ChartCell.swift */,
			);
			path = View;
			sourceTree = "<group>";
		};
		76D079AA22F1CACD004BCF73 /* Stocks */ = {
			isa = PBXGroup;
			children = (
				764DD5C122EB734800719F5F /* StocksViewController.swift */,
				76D079AB22F1CAF0004BCF73 /* SymbolViewController.swift */,
				766B01F922EFB94D00511224 /* SearchStockViewController.swift */,
				76D079A022F0805A004BCF73 /* BuySellStockViewController.swift */,
			);
			name = Stocks;
			sourceTree = "<group>";
		};
		76D079B122F238A8004BCF73 /* Glossary */ = {
			isa = PBXGroup;
			children = (
				76D079A622F1B722004BCF73 /* GlossaryViewController.swift */,
				76D079A822F1BB44004BCF73 /* DetailViewController.swift */,
			);
			name = Glossary;
			sourceTree = "<group>";
		};
		76D079B722F741F6004BCF73 /* Settings */ = {
			isa = PBXGroup;
			children = (
				76D079BA22F75EEB004BCF73 /* SettingsTableViewController.swift */,
			);
			name = Settings;
			path = ../Settings;
			sourceTree = "<group>";
		};
		76D079BC22F794A4004BCF73 /* Intro */ = {
			isa = PBXGroup;
			children = (
				76D079E122F7A5A3004BCF73 /* TutorialPageViewController.swift */,
				76C1105722FFEE230075EB46 /* NextViewController.swift */,
				76C105DB22F7D24300A1F6C2 /* TermsViewController.swift */,
				7607CAF422FB91F7005A3E3C /* StartViewController.swift */,
			);
			path = Intro;
			sourceTree = "<group>";
		};
		A76587DD23D2672900D517F8 /* DataSources */ = {
			isa = PBXGroup;
			children = (
				A76587EC23D680D500D517F8 /* MainTableViewDataSource.swift */,
				A76587DB23D2671C00D517F8 /* StocksTableViewDataSource.swift */,
				A76587FA23D92E9E00D517F8 /* CurrenciesTableViewDataSource.swift */,
				A7A14D0823DF42A900ACB059 /* WalletTableViewDataSource.swift */,
			);
			path = DataSources;
			sourceTree = "<group>";
		};
		A76587DE23D2674800D517F8 /* FetchDataAPI */ = {
			isa = PBXGroup;
			children = (
				7654423F22E968BD0096CA00 /* StockData.swift */,
				760D165422DE681B00F37C3D /* CurrencyData.swift */,
			);
			path = FetchDataAPI;
			sourceTree = "<group>";
		};
		A76587E123D267A100D517F8 /* Delegates */ = {
			isa = PBXGroup;
			children = (
				A76587F023D68D9600D517F8 /* MainTableViewDelegate.swift */,
				A76587DF23D2679000D517F8 /* StocksTableViewDelegate.swift */,
				A76587FE23DA206B00D517F8 /* CurrenciesTableViewDelegate.swift */,
				A7A14D0A23DF42C600ACB059 /* WalletTableViewDelegate.swift */,
			);
			name = Delegates;
			sourceTree = "<group>";
		};
		A76587E823D67DA600D517F8 /* Helpers */ = {
			isa = PBXGroup;
			children = (
				A78D253923D0D59D002FC307 /* MathOperations.swift */,
			);
			name = Helpers;
			sourceTree = "<group>";
		};
		A76587E923D67DD700D517F8 /* Managers */ = {
			isa = PBXGroup;
			children = (
				A76587D723D15DC300D517F8 /* DataManager.swift */,
				A76587D923D25DC600D517F8 /* NotificationsManager.swift */,
				A76587E623D27BC100D517F8 /* MarketManager.swift */,
				A76B49B223E22C3400598CC8 /* CoreDataManager.swift */,
			);
			name = Managers;
			sourceTree = "<group>";
		};
		A76587F423D9245A00D517F8 /* Currencies */ = {
			isa = PBXGroup;
			children = (
				A76587F823D924A800D517F8 /* CurrenciesViewController.swift */,
				A76B49B423E2B45000598CC8 /* CodeViewController.swift */,
				A76587F523D9248100D517F8 /* SearchCurrencyViewController.swift */,
				A765880023DA7BB400D517F8 /* BuySellCurrencyViewController.swift */,
			);
			name = Currencies;
			sourceTree = "<group>";
		};
		A7A14D0523DF423600ACB059 /* Wallet */ = {
			isa = PBXGroup;
			children = (
				A7A14D0623DF425B00ACB059 /* WalletViewController.swift */,
			);
			path = Wallet;
			sourceTree = "<group>";
		};
/* End PBXGroup section */

/* Begin PBXNativeTarget section */
		762459E722D7ACB3009B915B /* The Big Short */ = {
			isa = PBXNativeTarget;
			buildConfigurationList = 762459FD22D7ACB5009B915B /* Build configuration list for PBXNativeTarget "The Big Short" */;
			buildPhases = (
				762459E422D7ACB3009B915B /* Sources */,
				762459E522D7ACB3009B915B /* Frameworks */,
				762459E622D7ACB3009B915B /* Resources */,
			);
			buildRules = (
			);
			dependencies = (
			);
			name = "The Big Short";
			productName = "The Big Short";
			productReference = 762459E822D7ACB3009B915B /* The Big Short.app */;
			productType = "com.apple.product-type.application";
		};
/* End PBXNativeTarget section */

/* Begin PBXProject section */
		762459E022D7ACB3009B915B /* Project object */ = {
			isa = PBXProject;
			attributes = {
				LastSwiftUpdateCheck = 1020;
				LastUpgradeCheck = 1020;
				ORGANIZATIONNAME = "Leonardo Oliveira";
				TargetAttributes = {
					762459E722D7ACB3009B915B = {
						CreatedOnToolsVersion = 10.2.1;
					};
				};
			};
			buildConfigurationList = 762459E322D7ACB3009B915B /* Build configuration list for PBXProject "The Big Short" */;
			compatibilityVersion = "Xcode 9.3";
			developmentRegion = en;
			hasScannedForEncodings = 0;
			knownRegions = (
				en,
				Base,
			);
			mainGroup = 762459DF22D7ACB3009B915B;
			productRefGroup = 762459E922D7ACB3009B915B /* Products */;
			projectDirPath = "";
			projectRoot = "";
			targets = (
				762459E722D7ACB3009B915B /* The Big Short */,
			);
		};
/* End PBXProject section */

/* Begin PBXResourcesBuildPhase section */
		762459E622D7ACB3009B915B /* Resources */ = {
			isa = PBXResourcesBuildPhase;
			buildActionMask = 2147483647;
			files = (
				762459F922D7ACB5009B915B /* LaunchScreen.storyboard in Resources */,
				762459F622D7ACB5009B915B /* Assets.xcassets in Resources */,
				762459F122D7ACB3009B915B /* Main.storyboard in Resources */,
			);
			runOnlyForDeploymentPostprocessing = 0;
		};
/* End PBXResourcesBuildPhase section */

/* Begin PBXSourcesBuildPhase section */
		762459E422D7ACB3009B915B /* Sources */ = {
			isa = PBXSourcesBuildPhase;
			buildActionMask = 2147483647;
			files = (
				762459F422D7ACB3009B915B /* The_Big_Short.xcdatamodeld in Sources */,
				A7A14D0923DF42A900ACB059 /* WalletTableViewDataSource.swift in Sources */,
				7607CAF522FB91F7005A3E3C /* StartViewController.swift in Sources */,
				760D165522DE681B00F37C3D /* CurrencyData.swift in Sources */,
				A76587ED23D680D500D517F8 /* MainTableViewDataSource.swift in Sources */,
				A76587EF23D6847200D517F8 /* MenuCell.swift in Sources */,
				A76587EB23D67E0400D517F8 /* MainViewController.swift in Sources */,
				A76587DC23D2671C00D517F8 /* StocksTableViewDataSource.swift in Sources */,
				76C105E222F8AF2300A1F6C2 /* CustomButton.swift in Sources */,
				A76587FB23D92E9E00D517F8 /* CurrenciesTableViewDataSource.swift in Sources */,
				7607CAF722FBB398005A3E3C /* AddCollectionViewCell.swift in Sources */,
				762D04DE22EBE19000D537E6 /* StockCollectionViewCell.swift in Sources */,
				A7A14D0B23DF42C600ACB059 /* WalletTableViewDelegate.swift in Sources */,
				A76B49B523E2B45000598CC8 /* CodeViewController.swift in Sources */,
				76D079B022F1CE58004BCF73 /* HistoricCell.swift in Sources */,
				76D079AC22F1CAF0004BCF73 /* SymbolViewController.swift in Sources */,
				7664A2C122DD142B00EE5BE0 /* WalletCell.swift in Sources */,
				A7A14D0D23DF4A4800ACB059 /* ChartCell.swift in Sources */,
				76D079E222F7A5A3004BCF73 /* TutorialPageViewController.swift in Sources */,
				A76B49B123E22A1E00598CC8 /* MappingModel2to3 2.xcmappingmodel in Sources */,
				762D04DC22EBD91E00D537E6 /* StockCell.swift in Sources */,
				76D079A922F1BB44004BCF73 /* DetailViewController.swift in Sources */,
				762D04DA22EBD6F200D537E6 /* PositionCell.swift in Sources */,
				A76587F123D68D9600D517F8 /* MainTableViewDelegate.swift in Sources */,
				A76587FD23D930FA00D517F8 /* CurrencyCell.swift in Sources */,
				A76587E023D2679000D517F8 /* StocksTableViewDelegate.swift in Sources */,
				A765880123DA7BB400D517F8 /* BuySellCurrencyViewController.swift in Sources */,
				76D079B422F4C909004BCF73 /* WordCell.swift in Sources */,
				A76587F923D924A800D517F8 /* CurrenciesViewController.swift in Sources */,
				A78D253A23D0D59D002FC307 /* MathOperations.swift in Sources */,
				762459EC22D7ACB3009B915B /* AppDelegate.swift in Sources */,
				764DD5C222EB734800719F5F /* StocksViewController.swift in Sources */,
				76C105DC22F7D24300A1F6C2 /* TermsViewController.swift in Sources */,
				A7A14D0423DF2FDB00ACB059 /* SectorChartView.swift in Sources */,
				A76587D823D15DC300D517F8 /* DataManager.swift in Sources */,
				A76587E723D27BC100D517F8 /* MarketManager.swift in Sources */,
				76D079A722F1B722004BCF73 /* GlossaryViewController.swift in Sources */,
				7654424022E968BD0096CA00 /* StockData.swift in Sources */,
				76D079A122F0805A004BCF73 /* BuySellStockViewController.swift in Sources */,
				7664A2C822DD184300EE5BE0 /* InvestmentsCell.swift in Sources */,
				76C105DE22F7EC5600A1F6C2 /* CustomView.swift in Sources */,
				76D079BB22F75EEB004BCF73 /* SettingsTableViewController.swift in Sources */,
				76D079AE22F1CE03004BCF73 /* TodayCell.swift in Sources */,
				A7A14D0F23DF5E5200ACB059 /* BarChartView.swift in Sources */,
				A76587DA23D25DC600D517F8 /* NotificationsManager.swift in Sources */,
				76C1105822FFEE230075EB46 /* NextViewController.swift in Sources */,
				766B01FA22EFB94D00511224 /* SearchStockViewController.swift in Sources */,
				A76B49B323E22C3400598CC8 /* CoreDataManager.swift in Sources */,
				766B01FE22EFBC1100511224 /* SimpleCell.swift in Sources */,
				A76587F623D9248100D517F8 /* SearchCurrencyViewController.swift in Sources */,
				A76587F323D7BD7400D517F8 /* ButtonCell.swift in Sources */,
				A7A14D0723DF425B00ACB059 /* WalletViewController.swift in Sources */,
				A76587FF23DA206B00D517F8 /* CurrenciesTableViewDelegate.swift in Sources */,
			);
			runOnlyForDeploymentPostprocessing = 0;
		};
/* End PBXSourcesBuildPhase section */

/* Begin PBXVariantGroup section */
		762459EF22D7ACB3009B915B /* Main.storyboard */ = {
			isa = PBXVariantGroup;
			children = (
				762459F022D7ACB3009B915B /* Base */,
			);
			name = Main.storyboard;
			sourceTree = "<group>";
		};
		762459F722D7ACB5009B915B /* LaunchScreen.storyboard */ = {
			isa = PBXVariantGroup;
			children = (
				762459F822D7ACB5009B915B /* Base */,
			);
			name = LaunchScreen.storyboard;
			sourceTree = "<group>";
		};
/* End PBXVariantGroup section */

/* Begin XCBuildConfiguration section */
		762459FB22D7ACB5009B915B /* Debug */ = {
			isa = XCBuildConfiguration;
			buildSettings = {
				ALWAYS_SEARCH_USER_PATHS = NO;
				CLANG_ANALYZER_NONNULL = YES;
				CLANG_ANALYZER_NUMBER_OBJECT_CONVERSION = YES_AGGRESSIVE;
				CLANG_CXX_LANGUAGE_STANDARD = "gnu++14";
				CLANG_CXX_LIBRARY = "libc++";
				CLANG_ENABLE_MODULES = YES;
				CLANG_ENABLE_OBJC_ARC = YES;
				CLANG_ENABLE_OBJC_WEAK = YES;
				CLANG_WARN_BLOCK_CAPTURE_AUTORELEASING = YES;
				CLANG_WARN_BOOL_CONVERSION = YES;
				CLANG_WARN_COMMA = YES;
				CLANG_WARN_CONSTANT_CONVERSION = YES;
				CLANG_WARN_DEPRECATED_OBJC_IMPLEMENTATIONS = YES;
				CLANG_WARN_DIRECT_OBJC_ISA_USAGE = YES_ERROR;
				CLANG_WARN_DOCUMENTATION_COMMENTS = YES;
				CLANG_WARN_EMPTY_BODY = YES;
				CLANG_WARN_ENUM_CONVERSION = YES;
				CLANG_WARN_INFINITE_RECURSION = YES;
				CLANG_WARN_INT_CONVERSION = YES;
				CLANG_WARN_NON_LITERAL_NULL_CONVERSION = YES;
				CLANG_WARN_OBJC_IMPLICIT_RETAIN_SELF = YES;
				CLANG_WARN_OBJC_LITERAL_CONVERSION = YES;
				CLANG_WARN_OBJC_ROOT_CLASS = YES_ERROR;
				CLANG_WARN_RANGE_LOOP_ANALYSIS = YES;
				CLANG_WARN_STRICT_PROTOTYPES = YES;
				CLANG_WARN_SUSPICIOUS_MOVE = YES;
				CLANG_WARN_UNGUARDED_AVAILABILITY = YES_AGGRESSIVE;
				CLANG_WARN_UNREACHABLE_CODE = YES;
				CLANG_WARN__DUPLICATE_METHOD_MATCH = YES;
				CODE_SIGN_IDENTITY = "iPhone Developer";
				COPY_PHASE_STRIP = NO;
				DEBUG_INFORMATION_FORMAT = dwarf;
				ENABLE_STRICT_OBJC_MSGSEND = YES;
				ENABLE_TESTABILITY = YES;
				GCC_C_LANGUAGE_STANDARD = gnu11;
				GCC_DYNAMIC_NO_PIC = NO;
				GCC_NO_COMMON_BLOCKS = YES;
				GCC_OPTIMIZATION_LEVEL = 0;
				GCC_PREPROCESSOR_DEFINITIONS = (
					"DEBUG=1",
					"$(inherited)",
				);
				GCC_WARN_64_TO_32_BIT_CONVERSION = YES;
				GCC_WARN_ABOUT_RETURN_TYPE = YES_ERROR;
				GCC_WARN_UNDECLARED_SELECTOR = YES;
				GCC_WARN_UNINITIALIZED_AUTOS = YES_AGGRESSIVE;
				GCC_WARN_UNUSED_FUNCTION = YES;
				GCC_WARN_UNUSED_VARIABLE = YES;
				IPHONEOS_DEPLOYMENT_TARGET = 12.2;
				MTL_ENABLE_DEBUG_INFO = INCLUDE_SOURCE;
				MTL_FAST_MATH = YES;
				ONLY_ACTIVE_ARCH = YES;
				SDKROOT = iphoneos;
				SWIFT_ACTIVE_COMPILATION_CONDITIONS = DEBUG;
				SWIFT_OPTIMIZATION_LEVEL = "-Onone";
			};
			name = Debug;
		};
		762459FC22D7ACB5009B915B /* Release */ = {
			isa = XCBuildConfiguration;
			buildSettings = {
				ALWAYS_SEARCH_USER_PATHS = NO;
				CLANG_ANALYZER_NONNULL = YES;
				CLANG_ANALYZER_NUMBER_OBJECT_CONVERSION = YES_AGGRESSIVE;
				CLANG_CXX_LANGUAGE_STANDARD = "gnu++14";
				CLANG_CXX_LIBRARY = "libc++";
				CLANG_ENABLE_MODULES = YES;
				CLANG_ENABLE_OBJC_ARC = YES;
				CLANG_ENABLE_OBJC_WEAK = YES;
				CLANG_WARN_BLOCK_CAPTURE_AUTORELEASING = YES;
				CLANG_WARN_BOOL_CONVERSION = YES;
				CLANG_WARN_COMMA = YES;
				CLANG_WARN_CONSTANT_CONVERSION = YES;
				CLANG_WARN_DEPRECATED_OBJC_IMPLEMENTATIONS = YES;
				CLANG_WARN_DIRECT_OBJC_ISA_USAGE = YES_ERROR;
				CLANG_WARN_DOCUMENTATION_COMMENTS = YES;
				CLANG_WARN_EMPTY_BODY = YES;
				CLANG_WARN_ENUM_CONVERSION = YES;
				CLANG_WARN_INFINITE_RECURSION = YES;
				CLANG_WARN_INT_CONVERSION = YES;
				CLANG_WARN_NON_LITERAL_NULL_CONVERSION = YES;
				CLANG_WARN_OBJC_IMPLICIT_RETAIN_SELF = YES;
				CLANG_WARN_OBJC_LITERAL_CONVERSION = YES;
				CLANG_WARN_OBJC_ROOT_CLASS = YES_ERROR;
				CLANG_WARN_RANGE_LOOP_ANALYSIS = YES;
				CLANG_WARN_STRICT_PROTOTYPES = YES;
				CLANG_WARN_SUSPICIOUS_MOVE = YES;
				CLANG_WARN_UNGUARDED_AVAILABILITY = YES_AGGRESSIVE;
				CLANG_WARN_UNREACHABLE_CODE = YES;
				CLANG_WARN__DUPLICATE_METHOD_MATCH = YES;
				CODE_SIGN_IDENTITY = "iPhone Developer";
				COPY_PHASE_STRIP = NO;
				DEBUG_INFORMATION_FORMAT = "dwarf-with-dsym";
				ENABLE_NS_ASSERTIONS = NO;
				ENABLE_STRICT_OBJC_MSGSEND = YES;
				GCC_C_LANGUAGE_STANDARD = gnu11;
				GCC_NO_COMMON_BLOCKS = YES;
				GCC_WARN_64_TO_32_BIT_CONVERSION = YES;
				GCC_WARN_ABOUT_RETURN_TYPE = YES_ERROR;
				GCC_WARN_UNDECLARED_SELECTOR = YES;
				GCC_WARN_UNINITIALIZED_AUTOS = YES_AGGRESSIVE;
				GCC_WARN_UNUSED_FUNCTION = YES;
				GCC_WARN_UNUSED_VARIABLE = YES;
				IPHONEOS_DEPLOYMENT_TARGET = 12.2;
				MTL_ENABLE_DEBUG_INFO = NO;
				MTL_FAST_MATH = YES;
				SDKROOT = iphoneos;
				SWIFT_COMPILATION_MODE = wholemodule;
				SWIFT_OPTIMIZATION_LEVEL = "-O";
				VALIDATE_PRODUCT = YES;
			};
			name = Release;
		};
		762459FE22D7ACB5009B915B /* Debug */ = {
			isa = XCBuildConfiguration;
			buildSettings = {
				ASSETCATALOG_COMPILER_APPICON_NAME = AppIcon;
				CODE_SIGN_STYLE = Automatic;
				CURRENT_PROJECT_VERSION = 6;
				DEVELOPMENT_TEAM = 4BUKN8ST5B;
				INFOPLIST_FILE = "The Big Short/Info.plist";
				LD_RUNPATH_SEARCH_PATHS = (
					"$(inherited)",
					"@executable_path/Frameworks",
				);
				MARKETING_VERSION = 1.1.0;
				PRODUCT_BUNDLE_IDENTIFIER = "LeoAOliveira.The-Big-Short";
				PRODUCT_NAME = "$(TARGET_NAME)";
				SWIFT_VERSION = 5.0;
				TARGETED_DEVICE_FAMILY = 1;
			};
			name = Debug;
		};
		762459FF22D7ACB5009B915B /* Release */ = {
			isa = XCBuildConfiguration;
			buildSettings = {
				ASSETCATALOG_COMPILER_APPICON_NAME = AppIcon;
				CODE_SIGN_STYLE = Automatic;
				CURRENT_PROJECT_VERSION = 6;
				DEVELOPMENT_TEAM = 4BUKN8ST5B;
				INFOPLIST_FILE = "The Big Short/Info.plist";
				LD_RUNPATH_SEARCH_PATHS = (
					"$(inherited)",
					"@executable_path/Frameworks",
				);
				MARKETING_VERSION = 1.1.0;
				PRODUCT_BUNDLE_IDENTIFIER = "LeoAOliveira.The-Big-Short";
				PRODUCT_NAME = "$(TARGET_NAME)";
				SWIFT_VERSION = 5.0;
				TARGETED_DEVICE_FAMILY = 1;
			};
			name = Release;
		};
/* End XCBuildConfiguration section */

/* Begin XCConfigurationList section */
		762459E322D7ACB3009B915B /* Build configuration list for PBXProject "The Big Short" */ = {
			isa = XCConfigurationList;
			buildConfigurations = (
				762459FB22D7ACB5009B915B /* Debug */,
				762459FC22D7ACB5009B915B /* Release */,
			);
			defaultConfigurationIsVisible = 0;
			defaultConfigurationName = Release;
		};
		762459FD22D7ACB5009B915B /* Build configuration list for PBXNativeTarget "The Big Short" */ = {
			isa = XCConfigurationList;
			buildConfigurations = (
				762459FE22D7ACB5009B915B /* Debug */,
				762459FF22D7ACB5009B915B /* Release */,
			);
			defaultConfigurationIsVisible = 0;
			defaultConfigurationName = Release;
		};
/* End XCConfigurationList section */

/* Begin XCVersionGroup section */
		762459F222D7ACB3009B915B /* The_Big_Short.xcdatamodeld */ = {
			isa = XCVersionGroup;
			children = (
				A7A14CFE23DE820F00ACB059 /* The_Big_Short 2.xcdatamodel */,
				762459F322D7ACB3009B915B /* The_Big_Short.xcdatamodel */,
			);
			currentVersion = A7A14CFE23DE820F00ACB059 /* The_Big_Short 2.xcdatamodel */;
			path = The_Big_Short.xcdatamodeld;
			sourceTree = "<group>";
			versionGroupType = wrapper.xcdatamodel;
		};
/* End XCVersionGroup section */
	};
	rootObject = 762459E022D7ACB3009B915B /* Project object */;
}
